
Microsoft Visual Studio Solution File, Format Version 12.00
# Visual Studio 15
VisualStudioVersion = 15.0.28010.2003
MinimumVisualStudioVersion = 10.0.40219.1
Project("{9A19103F-16F7-4668-BE54-9A1E7A4F7556}") = "Sachtony", "Sachtony\Sachtony.csproj", "{D0181ACE-578E-4BEA-8FB6-3C16CF06EBAD}"
EndProject
Project("{9A19103F-16F7-4668-BE54-9A1E7A4F7556}") = "SachtonyStore", "SachtonyStore\SachtonyStore.csproj", "{7770DBA7-1979-4E90-AE87-11356EE9E39C}"
EndProject
Project("{FAE04EC0-301F-11D3-BF4B-00C04F79EFBC}") = "Blogging", "Blogging\Blogging.csproj", "{F7EFFC9E-0695-40D5-B38B-654D6CA965E0}"
EndProject
Project("{FAE04EC0-301F-11D3-BF4B-00C04F79EFBC}") = "Stores", "Stores\Stores.csproj", "{CE4C6BD3-5B18-4848-81E3-7C05CE560FE0}"
EndProject
Global
	GlobalSection(SolutionConfigurationPlatforms) = preSolution
		Debug|Any CPU = Debug|Any CPU
		Release|Any CPU = Release|Any CPU
	EndGlobalSection
	GlobalSection(ProjectConfigurationPlatforms) = postSolution
		{D0181ACE-578E-4BEA-8FB6-3C16CF06EBAD}.Debug|Any CPU.ActiveCfg = Debug|Any CPU
		{D0181ACE-578E-4BEA-8FB6-3C16CF06EBAD}.Debug|Any CPU.Build.0 = Debug|Any CPU
		{D0181ACE-578E-4BEA-8FB6-3C16CF06EBAD}.Release|Any CPU.ActiveCfg = Release|Any CPU
		{D0181ACE-578E-4BEA-8FB6-3C16CF06EBAD}.Release|Any CPU.Build.0 = Release|Any CPU
		{7770DBA7-1979-4E90-AE87-11356EE9E39C}.Debug|Any CPU.ActiveCfg = Debug|Any CPU
		{7770DBA7-1979-4E90-AE87-11356EE9E39C}.Debug|Any CPU.Build.0 = Debug|Any CPU
		{7770DBA7-1979-4E90-AE87-11356EE9E39C}.Release|Any CPU.ActiveCfg = Release|Any CPU
		{7770DBA7-1979-4E90-AE87-11356EE9E39C}.Release|Any CPU.Build.0 = Release|Any CPU
		{F7EFFC9E-0695-40D5-B38B-654D6CA965E0}.Debug|Any CPU.ActiveCfg = Debug|Any CPU
		{F7EFFC9E-0695-40D5-B38B-654D6CA965E0}.Debug|Any CPU.Build.0 = Debug|Any CPU
		{F7EFFC9E-0695-40D5-B38B-654D6CA965E0}.Release|Any CPU.ActiveCfg = Release|Any CPU
		{F7EFFC9E-0695-40D5-B38B-654D6CA965E0}.Release|Any CPU.Build.0 = Release|Any CPU
		{CE4C6BD3-5B18-4848-81E3-7C05CE560FE0}.Debug|Any CPU.ActiveCfg = Debug|Any CPU
		{CE4C6BD3-5B18-4848-81E3-7C05CE560FE0}.Debug|Any CPU.Build.0 = Debug|Any CPU
		{CE4C6BD3-5B18-4848-81E3-7C05CE560FE0}.Release|Any CPU.ActiveCfg = Release|Any CPU
		{CE4C6BD3-5B18-4848-81E3-7C05CE560FE0}.Release|Any CPU.Build.0 = Release|Any CPU
	EndGlobalSection
	GlobalSection(SolutionProperties) = preSolution
		HideSolutionNode = FALSE
	EndGlobalSection
	GlobalSection(ExtensibilityGlobals) = postSolution
		SolutionGuid = {F0B6BF93-0A1C-40DD-8779-4F9FC5B2B5B1}
	EndGlobalSection
EndGlobal
